{
  "version": 4,
  "terraform_version": "0.12.12",
  "serial": 24,
  "lineage": "93ebb60b-818b-320c-79e0-a774d1d41d05",
  "outputs": {},
  "resources": [
    {
      "mode": "managed",
      "type": "aws_elb",
      "name": "testelb",
      "provider": "provider.aws",
      "instances": [
        {
          "schema_version": 0,
          "attributes": {
            "access_logs": [],
            "arn": "arn:aws:elasticloadbalancing:us-east-1:157732802080:loadbalancer/test-elb",
            "availability_zones": [
              "us-east-1a",
              "us-east-1b",
              "us-east-1c"
            ],
            "connection_draining": true,
            "connection_draining_timeout": 400,
            "cross_zone_load_balancing": true,
            "dns_name": "test-elb-1263521451.us-east-1.elb.amazonaws.com",
            "health_check": [
              {
                "healthy_threshold": 2,
                "interval": 30,
                "target": "HTTP:8000/",
                "timeout": 3,
                "unhealthy_threshold": 2
              }
            ],
            "id": "test-elb",
            "idle_timeout": 400,
            "instances": [
              "i-02fab62f5dd5a2c7b",
              "i-0305fab8a63eb286c",
              "i-0f9d78f052e2429a1"
            ],
            "internal": false,
            "listener": [
              {
                "instance_port": 8000,
                "instance_protocol": "http",
                "lb_port": 80,
                "lb_protocol": "http",
                "ssl_certificate_id": ""
              }
            ],
            "name": "test-elb",
            "name_prefix": null,
            "security_groups": [
              "sg-0c25dc010627a0644"
            ],
            "source_security_group": "157732802080/default_elb_1a416eae-5665-3e3b-918d-061738ca5f7f",
            "source_security_group_id": "sg-0c25dc010627a0644",
            "subnets": [
              "subnet-79409130",
              "subnet-ea4bacb1",
              "subnet-eeed948b"
            ],
            "tags": {
              "Name": "example-terraform-elb"
            },
            "zone_id": "Z35SXDOTRQ7X7K"
          },
          "private": "bnVsbA==",
          "depends_on": [
            "aws_instance.example"
          ]
        }
      ]
    },
    {
      "mode": "managed",
      "type": "aws_instance",
      "name": "example",
      "each": "list",
      "provider": "provider.aws",
      "instances": [
        {
          "index_key": 0,
          "schema_version": 1,
          "attributes": {
            "ami": "ami-b374d5a5",
            "arn": "arn:aws:ec2:us-east-1:157732802080:instance/i-0305fab8a63eb286c",
            "associate_public_ip_address": true,
            "availability_zone": "us-east-1b",
            "cpu_core_count": 1,
            "cpu_threads_per_core": 1,
            "credit_specification": [
              {
                "cpu_credits": "standard"
              }
            ],
            "disable_api_termination": false,
            "ebs_block_device": [],
            "ebs_optimized": false,
            "ephemeral_block_device": [],
            "get_password_data": false,
            "host_id": null,
            "iam_instance_profile": "",
            "id": "i-0305fab8a63eb286c",
            "instance_initiated_shutdown_behavior": null,
            "instance_state": "running",
            "instance_type": "t2.micro",
            "ipv6_address_count": 0,
            "ipv6_addresses": [],
            "key_name": "",
            "monitoring": false,
            "network_interface": [],
            "network_interface_id": null,
            "password_data": "",
            "placement_group": "",
            "primary_network_interface_id": "eni-0e60278703d0bb9e1",
            "private_dns": "ip-172-31-21-116.ec2.internal",
            "private_ip": "172.31.21.116",
            "public_dns": "ec2-54-174-203-250.compute-1.amazonaws.com",
            "public_ip": "54.174.203.250",
            "root_block_device": [
              {
                "delete_on_termination": true,
                "encrypted": false,
                "iops": 100,
                "kms_key_id": "",
                "volume_id": "vol-01b0f6ced26d0d556",
                "volume_size": 8,
                "volume_type": "gp2"
              }
            ],
            "security_groups": [
              "default"
            ],
            "source_dest_check": true,
            "subnet_id": "subnet-ea4bacb1",
            "tags": {},
            "tenancy": "default",
            "timeouts": null,
            "user_data": null,
            "user_data_base64": null,
            "volume_tags": {},
            "vpc_security_group_ids": [
              "sg-a9ab22d3"
            ]
          },
          "private": "eyJlMmJmYjczMC1lY2FhLTExZTYtOGY4OC0zNDM2M2JjN2M0YzAiOnsiY3JlYXRlIjo2MDAwMDAwMDAwMDAsImRlbGV0ZSI6MTIwMDAwMDAwMDAwMCwidXBkYXRlIjo2MDAwMDAwMDAwMDB9LCJzY2hlbWFfdmVyc2lvbiI6IjEifQ=="
        },
        {
          "index_key": 1,
          "schema_version": 1,
          "attributes": {
            "ami": "ami-b374d5a5",
            "arn": "arn:aws:ec2:us-east-1:157732802080:instance/i-0f9d78f052e2429a1",
            "associate_public_ip_address": true,
            "availability_zone": "us-east-1b",
            "cpu_core_count": 1,
            "cpu_threads_per_core": 1,
            "credit_specification": [
              {
                "cpu_credits": "standard"
              }
            ],
            "disable_api_termination": false,
            "ebs_block_device": [],
            "ebs_optimized": false,
            "ephemeral_block_device": [],
            "get_password_data": false,
            "host_id": null,
            "iam_instance_profile": "",
            "id": "i-0f9d78f052e2429a1",
            "instance_initiated_shutdown_behavior": null,
            "instance_state": "running",
            "instance_type": "t2.micro",
            "ipv6_address_count": 0,
            "ipv6_addresses": [],
            "key_name": "",
            "monitoring": false,
            "network_interface": [],
            "network_interface_id": null,
            "password_data": "",
            "placement_group": "",
            "primary_network_interface_id": "eni-0f2ddff041fa9c7af",
            "private_dns": "ip-172-31-21-167.ec2.internal",
            "private_ip": "172.31.21.167",
            "public_dns": "ec2-54-80-100-218.compute-1.amazonaws.com",
            "public_ip": "54.80.100.218",
            "root_block_device": [
              {
                "delete_on_termination": true,
                "encrypted": false,
                "iops": 100,
                "kms_key_id": "",
                "volume_id": "vol-0389e957220189154",
                "volume_size": 8,
                "volume_type": "gp2"
              }
            ],
            "security_groups": [
              "default"
            ],
            "source_dest_check": true,
            "subnet_id": "subnet-ea4bacb1",
            "tags": {},
            "tenancy": "default",
            "timeouts": null,
            "user_data": null,
            "user_data_base64": null,
            "volume_tags": {},
            "vpc_security_group_ids": [
              "sg-a9ab22d3"
            ]
          },
          "private": "eyJlMmJmYjczMC1lY2FhLTExZTYtOGY4OC0zNDM2M2JjN2M0YzAiOnsiY3JlYXRlIjo2MDAwMDAwMDAwMDAsImRlbGV0ZSI6MTIwMDAwMDAwMDAwMCwidXBkYXRlIjo2MDAwMDAwMDAwMDB9LCJzY2hlbWFfdmVyc2lvbiI6IjEifQ=="
        },
        {
          "index_key": 2,
          "schema_version": 1,
          "attributes": {
            "ami": "ami-b374d5a5",
            "arn": "arn:aws:ec2:us-east-1:157732802080:instance/i-02fab62f5dd5a2c7b",
            "associate_public_ip_address": true,
            "availability_zone": "us-east-1b",
            "cpu_core_count": 1,
            "cpu_threads_per_core": 1,
            "credit_specification": [
              {
                "cpu_credits": "standard"
              }
            ],
            "disable_api_termination": false,
            "ebs_block_device": [],
            "ebs_optimized": false,
            "ephemeral_block_device": [],
            "get_password_data": false,
            "host_id": null,
            "iam_instance_profile": "",
            "id": "i-02fab62f5dd5a2c7b",
            "instance_initiated_shutdown_behavior": null,
            "instance_state": "running",
            "instance_type": "t2.micro",
            "ipv6_address_count": 0,
            "ipv6_addresses": [],
            "key_name": "",
            "monitoring": false,
            "network_interface": [],
            "network_interface_id": null,
            "password_data": "",
            "placement_group": "",
            "primary_network_interface_id": "eni-0c7ee704e7f8d7ffd",
            "private_dns": "ip-172-31-29-111.ec2.internal",
            "private_ip": "172.31.29.111",
            "public_dns": "ec2-54-224-109-244.compute-1.amazonaws.com",
            "public_ip": "54.224.109.244",
            "root_block_device": [
              {
                "delete_on_termination": true,
                "encrypted": false,
                "iops": 100,
                "kms_key_id": "",
                "volume_id": "vol-023202d9e3332788c",
                "volume_size": 8,
                "volume_type": "gp2"
              }
            ],
            "security_groups": [
              "default"
            ],
            "source_dest_check": true,
            "subnet_id": "subnet-ea4bacb1",
            "tags": {},
            "tenancy": "default",
            "timeouts": null,
            "user_data": null,
            "user_data_base64": null,
            "volume_tags": {},
            "vpc_security_group_ids": [
              "sg-a9ab22d3"
            ]
          },
          "private": "eyJlMmJmYjczMC1lY2FhLTExZTYtOGY4OC0zNDM2M2JjN2M0YzAiOnsiY3JlYXRlIjo2MDAwMDAwMDAwMDAsImRlbGV0ZSI6MTIwMDAwMDAwMDAwMCwidXBkYXRlIjo2MDAwMDAwMDAwMDB9LCJzY2hlbWFfdmVyc2lvbiI6IjEifQ=="
        }
      ]
    }
  ]
}
